
Microsoft Visual Studio Solution File, Format Version 12.00
# Visual Studio Version 17
VisualStudioVersion = 17.6.33829.357
MinimumVisualStudioVersion = 10.0.40219.1
Project("{9A19103F-16F7-4668-BE54-9A1E7A4F7556}") = "BookingSystem.Server", "BookingSystem\Server\BookingSystem.Server.csproj", "{A29613D7-66CB-46AA-BCD7-DF35B5E337D0}"
EndProject
Project("{9A19103F-16F7-4668-BE54-9A1E7A4F7556}") = "BookingSystem.Client", "BookingSystem\Client\BookingSystem.Client.csproj", "{ECA6C04F-4E6D-4681-AB20-1B6CB1C2D0E7}"
EndProject
Project("{9A19103F-16F7-4668-BE54-9A1E7A4F7556}") = "BookingSystem.Shared", "BookingSystem\Shared\BookingSystem.Shared.csproj", "{B0864F1E-9251-4926-8304-4368AF9AB6A4}"
EndProject
Global
	GlobalSection(SolutionConfigurationPlatforms) = preSolution
		Debug|Any CPU = Debug|Any CPU
		Release|Any CPU = Release|Any CPU
	EndGlobalSection
	GlobalSection(ProjectConfigurationPlatforms) = postSolution
		{A29613D7-66CB-46AA-BCD7-DF35B5E337D0}.Debug|Any CPU.ActiveCfg = Debug|Any CPU
		{A29613D7-66CB-46AA-BCD7-DF35B5E337D0}.Debug|Any CPU.Build.0 = Debug|Any CPU
		{A29613D7-66CB-46AA-BCD7-DF35B5E337D0}.Release|Any CPU.ActiveCfg = Release|Any CPU
		{A29613D7-66CB-46AA-BCD7-DF35B5E337D0}.Release|Any CPU.Build.0 = Release|Any CPU
		{ECA6C04F-4E6D-4681-AB20-1B6CB1C2D0E7}.Debug|Any CPU.ActiveCfg = Debug|Any CPU
		{ECA6C04F-4E6D-4681-AB20-1B6CB1C2D0E7}.Debug|Any CPU.Build.0 = Debug|Any CPU
		{ECA6C04F-4E6D-4681-AB20-1B6CB1C2D0E7}.Release|Any CPU.ActiveCfg = Release|Any CPU
		{ECA6C04F-4E6D-4681-AB20-1B6CB1C2D0E7}.Release|Any CPU.Build.0 = Release|Any CPU
		{B0864F1E-9251-4926-8304-4368AF9AB6A4}.Debug|Any CPU.ActiveCfg = Debug|Any CPU
		{B0864F1E-9251-4926-8304-4368AF9AB6A4}.Debug|Any CPU.Build.0 = Debug|Any CPU
		{B0864F1E-9251-4926-8304-4368AF9AB6A4}.Release|Any CPU.ActiveCfg = Release|Any CPU
		{B0864F1E-9251-4926-8304-4368AF9AB6A4}.Release|Any CPU.Build.0 = Release|Any CPU
	EndGlobalSection
	GlobalSection(SolutionProperties) = preSolution
		HideSolutionNode = FALSE
	EndGlobalSection
	GlobalSection(ExtensibilityGlobals) = postSolution
		SolutionGuid = {FAEE1703-5A55-41F0-9906-366A2F19041B}
	EndGlobalSection
EndGlobal
